// !$*UTF8*$!
{
	archiveVersion = 1;
	classes = {
	};
	objectVersion = 50;
	objects = {

/* Begin PBXBuildFile section */
		111B0FBC231F6297001710F1 /* CloudHomeTableViewCell.swift in Sources */ = {isa = PBXBuildFile; fileRef = 111B0FBB231F6297001710F1 /* CloudHomeTableViewCell.swift */; };
		112280C0235FB2AD001ED0AD /* CloudDataController.swift in Sources */ = {isa = PBXBuildFile; fileRef = 112280BF235FB2AD001ED0AD /* CloudDataController.swift */; };
		112280C2235FB709001ED0AD /* Cumulus.json in Resources */ = {isa = PBXBuildFile; fileRef = 112280C1235FB709001ED0AD /* Cumulus.json */; };
		112280C4235FB96F001ED0AD /* WeatherObject.swift in Sources */ = {isa = PBXBuildFile; fileRef = 112280C3235FB96F001ED0AD /* WeatherObject.swift */; };
		112280C62360E3AF001ED0AD /* DropShadow.swift in Sources */ = {isa = PBXBuildFile; fileRef = 112280C52360E3AF001ED0AD /* DropShadow.swift */; };
		112280C82360F356001ED0AD /* Border.swift in Sources */ = {isa = PBXBuildFile; fileRef = 112280C72360F356001ED0AD /* Border.swift */; };
		112280CA236271B5001ED0AD /* Cumulonimbus.json in Resources */ = {isa = PBXBuildFile; fileRef = 112280C9236271B5001ED0AD /* Cumulonimbus.json */; };
		112D3FBA2298E7D6000F7DA6 /* AppDelegate.swift in Sources */ = {isa = PBXBuildFile; fileRef = 112D3FB92298E7D6000F7DA6 /* AppDelegate.swift */; };
		112D3FBC2298E7D6000F7DA6 /* CloudHomeViewController.swift in Sources */ = {isa = PBXBuildFile; fileRef = 112D3FBB2298E7D6000F7DA6 /* CloudHomeViewController.swift */; };
		112D3FBF2298E7D6000F7DA6 /* Main.storyboard in Resources */ = {isa = PBXBuildFile; fileRef = 112D3FBD2298E7D6000F7DA6 /* Main.storyboard */; };
		112D3FC12298E7D8000F7DA6 /* Assets.xcassets in Resources */ = {isa = PBXBuildFile; fileRef = 112D3FC02298E7D8000F7DA6 /* Assets.xcassets */; };
		112D3FC42298E7D8000F7DA6 /* LaunchScreen.storyboard in Resources */ = {isa = PBXBuildFile; fileRef = 112D3FC22298E7D8000F7DA6 /* LaunchScreen.storyboard */; };
		112D3FD12298E849000F7DA6 /* CloudObject.swift in Sources */ = {isa = PBXBuildFile; fileRef = 112D3FD02298E849000F7DA6 /* CloudObject.swift */; };
		112D3FD3229DA597000F7DA6 /* User.swift in Sources */ = {isa = PBXBuildFile; fileRef = 112D3FD2229DA597000F7DA6 /* User.swift */; };
		112D3FD6229DE02A000F7DA6 /* Fonts.swift in Sources */ = {isa = PBXBuildFile; fileRef = 112D3FD5229DE02A000F7DA6 /* Fonts.swift */; };
		115EC65E23CD6957005FC18B /* WeatherController.swift in Sources */ = {isa = PBXBuildFile; fileRef = 115EC65D23CD6957005FC18B /* WeatherController.swift */; };
		116F6D2723A048140094651F /* CloudImageController.swift in Sources */ = {isa = PBXBuildFile; fileRef = 116F6D2623A048140094651F /* CloudImageController.swift */; };
		1193748B240F10B40060A3C6 /* Cloud+Convenience.swift in Sources */ = {isa = PBXBuildFile; fileRef = 1193748A240F10B40060A3C6 /* Cloud+Convenience.swift */; };
		1193748D240F2CFC0060A3C6 /* IdentifyCollectionViewCell.swift in Sources */ = {isa = PBXBuildFile; fileRef = 1193748C240F2CFC0060A3C6 /* IdentifyCollectionViewCell.swift */; };
		11AFA65C23FF6A2100159423 /* CoreDataStack.swift in Sources */ = {isa = PBXBuildFile; fileRef = 11AFA65B23FF6A2000159423 /* CoreDataStack.swift */; };
		11AFA66023FF6CC300159423 /* Clouds.xcdatamodeld in Sources */ = {isa = PBXBuildFile; fileRef = 11AFA65E23FF6CC300159423 /* Clouds.xcdatamodeld */; };
		11AFA66223FF712B00159423 /* CloudPhotoViewController.swift in Sources */ = {isa = PBXBuildFile; fileRef = 11AFA66123FF712B00159423 /* CloudPhotoViewController.swift */; };
		11AFA66623FF7A5500159423 /* CloudPhotoCollectionViewCell.swift in Sources */ = {isa = PBXBuildFile; fileRef = 11AFA66523FF7A5500159423 /* CloudPhotoCollectionViewCell.swift */; };
		11B2658D237CB94500006F61 /* IdentifyViewController.swift in Sources */ = {isa = PBXBuildFile; fileRef = 11B2658C237CB94500006F61 /* IdentifyViewController.swift */; };
		11B2658F237CB97600006F61 /* CloudDetailViewController.swift in Sources */ = {isa = PBXBuildFile; fileRef = 11B2658E237CB97600006F61 /* CloudDetailViewController.swift */; };
		11B26597237E62DE00006F61 /* CloudData.json in Resources */ = {isa = PBXBuildFile; fileRef = 11B26596237E62DE00006F61 /* CloudData.json */; };
		8C1AA8992503F7C80051A776 /* IdentifyCreateViewController.swift in Sources */ = {isa = PBXBuildFile; fileRef = 8C1AA8982503F7C80051A776 /* IdentifyCreateViewController.swift */; };
		8C28CADE2437E4E600633679 /* CloudImageDelegate.swift in Sources */ = {isa = PBXBuildFile; fileRef = 8C28CADD2437E4E600633679 /* CloudImageDelegate.swift */; };
		8C6F39192423202500A6F302 /* Identify+Image.swift in Sources */ = {isa = PBXBuildFile; fileRef = 8C6F39182423202500A6F302 /* Identify+Image.swift */; };
		8C737ABC24DB6A1F00F32E9B /* Protocols.swift in Sources */ = {isa = PBXBuildFile; fileRef = 8C737ABB24DB6A1F00F32E9B /* Protocols.swift */; };
		8C737ABE24E054B800F32E9B /* Photo+Convenience.swift in Sources */ = {isa = PBXBuildFile; fileRef = 8C737ABD24E054B800F32E9B /* Photo+Convenience.swift */; };
		8C74C2BB2475F85400A87789 /* CompareCollectionViewCell.swift in Sources */ = {isa = PBXBuildFile; fileRef = 8C74C2BA2475F85400A87789 /* CompareCollectionViewCell.swift */; };
		8CBDA6D82488605500150386 /* PhotoObject.swift in Sources */ = {isa = PBXBuildFile; fileRef = 8CBDA6D72488605500150386 /* PhotoObject.swift */; };
		8CBDA6DA249C15C200150386 /* CloudsEnum.swift in Sources */ = {isa = PBXBuildFile; fileRef = 8CBDA6D9249C15C100150386 /* CloudsEnum.swift */; };
		8CD2392224E87A1200092E0A /* IdentifyDetailViewController.swift in Sources */ = {isa = PBXBuildFile; fileRef = 8CD2392124E87A1200092E0A /* IdentifyDetailViewController.swift */; };
		8CE7FD4A24CA7E75007EE812 /* Roboto-Medium.ttf in Resources */ = {isa = PBXBuildFile; fileRef = 8CE7FD4424CA7E75007EE812 /* Roboto-Medium.ttf */; };
		8CE7FD4B24CA7E75007EE812 /* Roboto-Regular.ttf in Resources */ = {isa = PBXBuildFile; fileRef = 8CE7FD4524CA7E75007EE812 /* Roboto-Regular.ttf */; };
		8CE7FD4C24CA7E75007EE812 /* Roboto-LightItalic.ttf in Resources */ = {isa = PBXBuildFile; fileRef = 8CE7FD4624CA7E75007EE812 /* Roboto-LightItalic.ttf */; };
		8CE7FD4D24CA7E75007EE812 /* Roboto-MediumItalic.ttf in Resources */ = {isa = PBXBuildFile; fileRef = 8CE7FD4724CA7E75007EE812 /* Roboto-MediumItalic.ttf */; };
		8CE7FD4E24CA7E75007EE812 /* Roboto-Light.ttf in Resources */ = {isa = PBXBuildFile; fileRef = 8CE7FD4824CA7E75007EE812 /* Roboto-Light.ttf */; };
		8CE7FD4F24CA7E75007EE812 /* Roboto-Italic.ttf in Resources */ = {isa = PBXBuildFile; fileRef = 8CE7FD4924CA7E75007EE812 /* Roboto-Italic.ttf */; };
		8CE7FD5124D12590007EE812 /* MainTabBarController.swift in Sources */ = {isa = PBXBuildFile; fileRef = 8CE7FD5024D12590007EE812 /* MainTabBarController.swift */; };
/* End PBXBuildFile section */

/* Begin PBXFileReference section */
		111B0FBB231F6297001710F1 /* CloudHomeTableViewCell.swift */ = {isa = PBXFileReference; lastKnownFileType = sourcecode.swift; path = CloudHomeTableViewCell.swift; sourceTree = "<group>"; };
		112280BF235FB2AD001ED0AD /* CloudDataController.swift */ = {isa = PBXFileReference; lastKnownFileType = sourcecode.swift; path = CloudDataController.swift; sourceTree = "<group>"; };
		112280C1235FB709001ED0AD /* Cumulus.json */ = {isa = PBXFileReference; fileEncoding = 4; lastKnownFileType = text.json; path = Cumulus.json; sourceTree = "<group>"; };
		112280C3235FB96F001ED0AD /* WeatherObject.swift */ = {isa = PBXFileReference; lastKnownFileType = sourcecode.swift; path = WeatherObject.swift; sourceTree = "<group>"; };
		112280C52360E3AF001ED0AD /* DropShadow.swift */ = {isa = PBXFileReference; lastKnownFileType = sourcecode.swift; path = DropShadow.swift; sourceTree = "<group>"; };
		112280C72360F356001ED0AD /* Border.swift */ = {isa = PBXFileReference; lastKnownFileType = sourcecode.swift; path = Border.swift; sourceTree = "<group>"; };
		112280C9236271B5001ED0AD /* Cumulonimbus.json */ = {isa = PBXFileReference; lastKnownFileType = text.json; path = Cumulonimbus.json; sourceTree = "<group>"; };
		112D3FB62298E7D6000F7DA6 /* Clouds.app */ = {isa = PBXFileReference; explicitFileType = wrapper.application; includeInIndex = 0; path = Clouds.app; sourceTree = BUILT_PRODUCTS_DIR; };
		112D3FB92298E7D6000F7DA6 /* AppDelegate.swift */ = {isa = PBXFileReference; lastKnownFileType = sourcecode.swift; path = AppDelegate.swift; sourceTree = "<group>"; };
		112D3FBB2298E7D6000F7DA6 /* CloudHomeViewController.swift */ = {isa = PBXFileReference; lastKnownFileType = sourcecode.swift; path = CloudHomeViewController.swift; sourceTree = "<group>"; };
		112D3FBE2298E7D6000F7DA6 /* Base */ = {isa = PBXFileReference; lastKnownFileType = file.storyboard; name = Base; path = Base.lproj/Main.storyboard; sourceTree = "<group>"; };
		112D3FC02298E7D8000F7DA6 /* Assets.xcassets */ = {isa = PBXFileReference; lastKnownFileType = folder.assetcatalog; path = Assets.xcassets; sourceTree = "<group>"; };
		112D3FC32298E7D8000F7DA6 /* Base */ = {isa = PBXFileReference; lastKnownFileType = file.storyboard; name = Base; path = Base.lproj/LaunchScreen.storyboard; sourceTree = "<group>"; };
		112D3FC52298E7D8000F7DA6 /* Info.plist */ = {isa = PBXFileReference; lastKnownFileType = text.plist.xml; path = Info.plist; sourceTree = "<group>"; };
		112D3FD02298E849000F7DA6 /* CloudObject.swift */ = {isa = PBXFileReference; lastKnownFileType = sourcecode.swift; path = CloudObject.swift; sourceTree = "<group>"; };
		112D3FD2229DA597000F7DA6 /* User.swift */ = {isa = PBXFileReference; lastKnownFileType = sourcecode.swift; path = User.swift; sourceTree = "<group>"; };
		112D3FD5229DE02A000F7DA6 /* Fonts.swift */ = {isa = PBXFileReference; lastKnownFileType = sourcecode.swift; path = Fonts.swift; sourceTree = "<group>"; };
		115EC65D23CD6957005FC18B /* WeatherController.swift */ = {isa = PBXFileReference; lastKnownFileType = sourcecode.swift; path = WeatherController.swift; sourceTree = "<group>"; };
		116F6D2623A048140094651F /* CloudImageController.swift */ = {isa = PBXFileReference; lastKnownFileType = sourcecode.swift; path = CloudImageController.swift; sourceTree = "<group>"; };
		1193748A240F10B40060A3C6 /* Cloud+Convenience.swift */ = {isa = PBXFileReference; lastKnownFileType = sourcecode.swift; path = "Cloud+Convenience.swift"; sourceTree = "<group>"; };
		1193748C240F2CFC0060A3C6 /* IdentifyCollectionViewCell.swift */ = {isa = PBXFileReference; lastKnownFileType = sourcecode.swift; path = IdentifyCollectionViewCell.swift; sourceTree = "<group>"; };
		11AFA65B23FF6A2000159423 /* CoreDataStack.swift */ = {isa = PBXFileReference; lastKnownFileType = sourcecode.swift; path = CoreDataStack.swift; sourceTree = "<group>"; };
		11AFA65F23FF6CC300159423 /* Clouds.xcdatamodel */ = {isa = PBXFileReference; lastKnownFileType = wrapper.xcdatamodel; path = Clouds.xcdatamodel; sourceTree = "<group>"; };
		11AFA66123FF712B00159423 /* CloudPhotoViewController.swift */ = {isa = PBXFileReference; lastKnownFileType = sourcecode.swift; path = CloudPhotoViewController.swift; sourceTree = "<group>"; };
		11AFA66523FF7A5500159423 /* CloudPhotoCollectionViewCell.swift */ = {isa = PBXFileReference; lastKnownFileType = sourcecode.swift; path = CloudPhotoCollectionViewCell.swift; sourceTree = "<group>"; };
		11B2658C237CB94500006F61 /* IdentifyViewController.swift */ = {isa = PBXFileReference; lastKnownFileType = sourcecode.swift; path = IdentifyViewController.swift; sourceTree = "<group>"; };
		11B2658E237CB97600006F61 /* CloudDetailViewController.swift */ = {isa = PBXFileReference; lastKnownFileType = sourcecode.swift; path = CloudDetailViewController.swift; sourceTree = "<group>"; };
		11B26596237E62DE00006F61 /* CloudData.json */ = {isa = PBXFileReference; lastKnownFileType = text.json; path = CloudData.json; sourceTree = "<group>"; };
		8C1AA8982503F7C80051A776 /* IdentifyCreateViewController.swift */ = {isa = PBXFileReference; lastKnownFileType = sourcecode.swift; path = IdentifyCreateViewController.swift; sourceTree = "<group>"; };
		8C28CADD2437E4E600633679 /* CloudImageDelegate.swift */ = {isa = PBXFileReference; lastKnownFileType = sourcecode.swift; path = CloudImageDelegate.swift; sourceTree = "<group>"; };
		8C6F39182423202500A6F302 /* Identify+Image.swift */ = {isa = PBXFileReference; lastKnownFileType = sourcecode.swift; path = "Identify+Image.swift"; sourceTree = "<group>"; };
		8C737ABB24DB6A1F00F32E9B /* Protocols.swift */ = {isa = PBXFileReference; lastKnownFileType = sourcecode.swift; path = Protocols.swift; sourceTree = "<group>"; };
		8C737ABD24E054B800F32E9B /* Photo+Convenience.swift */ = {isa = PBXFileReference; lastKnownFileType = sourcecode.swift; path = "Photo+Convenience.swift"; sourceTree = "<group>"; };
		8C74C2BA2475F85400A87789 /* CompareCollectionViewCell.swift */ = {isa = PBXFileReference; lastKnownFileType = sourcecode.swift; path = CompareCollectionViewCell.swift; sourceTree = "<group>"; };
		8CBDA6D72488605500150386 /* PhotoObject.swift */ = {isa = PBXFileReference; lastKnownFileType = sourcecode.swift; path = PhotoObject.swift; sourceTree = "<group>"; };
		8CBDA6D9249C15C100150386 /* CloudsEnum.swift */ = {isa = PBXFileReference; lastKnownFileType = sourcecode.swift; path = CloudsEnum.swift; sourceTree = "<group>"; };
		8CD2392124E87A1200092E0A /* IdentifyDetailViewController.swift */ = {isa = PBXFileReference; lastKnownFileType = sourcecode.swift; path = IdentifyDetailViewController.swift; sourceTree = "<group>"; };
		8CE7FD4324CA7E5F007EE812 /* Roboto-Bold.ttf */ = {isa = PBXFileReference; lastKnownFileType = file; path = "Roboto-Bold.ttf"; sourceTree = "<group>"; };
		8CE7FD4424CA7E75007EE812 /* Roboto-Medium.ttf */ = {isa = PBXFileReference; lastKnownFileType = file; path = "Roboto-Medium.ttf"; sourceTree = "<group>"; };
		8CE7FD4524CA7E75007EE812 /* Roboto-Regular.ttf */ = {isa = PBXFileReference; lastKnownFileType = file; path = "Roboto-Regular.ttf"; sourceTree = "<group>"; };
		8CE7FD4624CA7E75007EE812 /* Roboto-LightItalic.ttf */ = {isa = PBXFileReference; lastKnownFileType = file; path = "Roboto-LightItalic.ttf"; sourceTree = "<group>"; };
		8CE7FD4724CA7E75007EE812 /* Roboto-MediumItalic.ttf */ = {isa = PBXFileReference; lastKnownFileType = file; path = "Roboto-MediumItalic.ttf"; sourceTree = "<group>"; };
		8CE7FD4824CA7E75007EE812 /* Roboto-Light.ttf */ = {isa = PBXFileReference; lastKnownFileType = file; path = "Roboto-Light.ttf"; sourceTree = "<group>"; };
		8CE7FD4924CA7E75007EE812 /* Roboto-Italic.ttf */ = {isa = PBXFileReference; lastKnownFileType = file; path = "Roboto-Italic.ttf"; sourceTree = "<group>"; };
		8CE7FD5024D12590007EE812 /* MainTabBarController.swift */ = {isa = PBXFileReference; lastKnownFileType = sourcecode.swift; path = MainTabBarController.swift; sourceTree = "<group>"; };
/* End PBXFileReference section */

/* Begin PBXFrameworksBuildPhase section */
		112D3FB32298E7D6000F7DA6 /* Frameworks */ = {
			isa = PBXFrameworksBuildPhase;
			buildActionMask = 2147483647;
			files = (
			);
			runOnlyForDeploymentPostprocessing = 0;
		};
/* End PBXFrameworksBuildPhase section */

/* Begin PBXGroup section */
		111B0FBD231F639A001710F1 /* Resources */ = {
			isa = PBXGroup;
			children = (
				8CE7FD4224CA7D9F007EE812 /* Fonts */,
				112D3FB92298E7D6000F7DA6 /* AppDelegate.swift */,
				112D3FC22298E7D8000F7DA6 /* LaunchScreen.storyboard */,
				112D3FC52298E7D8000F7DA6 /* Info.plist */,
			);
			path = Resources;
			sourceTree = "<group>";
		};
		111B0FBE231F63AC001710F1 /* Images */ = {
			isa = PBXGroup;
			children = (
				112D3FC02298E7D8000F7DA6 /* Assets.xcassets */,
			);
			path = Images;
			sourceTree = "<group>";
		};
		111B0FCD23319074001710F1 /* Data */ = {
			isa = PBXGroup;
			children = (
				112280C1235FB709001ED0AD /* Cumulus.json */,
				112280C9236271B5001ED0AD /* Cumulonimbus.json */,
				11B26596237E62DE00006F61 /* CloudData.json */,
			);
			path = Data;
			sourceTree = "<group>";
		};
		112D3FAD2298E7D6000F7DA6 = {
			isa = PBXGroup;
			children = (
				112D3FB82298E7D6000F7DA6 /* Clouds */,
				112D3FB72298E7D6000F7DA6 /* Products */,
			);
			sourceTree = "<group>";
		};
		112D3FB72298E7D6000F7DA6 /* Products */ = {
			isa = PBXGroup;
			children = (
				112D3FB62298E7D6000F7DA6 /* Clouds.app */,
			);
			name = Products;
			sourceTree = "<group>";
		};
		112D3FB82298E7D6000F7DA6 /* Clouds */ = {
			isa = PBXGroup;
			children = (
				112D3FD4229DA5D6000F7DA6 /* Storyboards */,
				111B0FCD23319074001710F1 /* Data */,
				112D3FCF2298E82C000F7DA6 /* Model */,
				112D3FCE2298E821000F7DA6 /* Model Controllers */,
				112D3FCC2298E7F1000F7DA6 /* Views */,
				112D3FCB2298E7EA000F7DA6 /* View Controllers */,
				112D3FCD2298E817000F7DA6 /* Helpers */,
				111B0FBE231F63AC001710F1 /* Images */,
				111B0FBD231F639A001710F1 /* Resources */,
			);
			path = Clouds;
			sourceTree = "<group>";
		};
		112D3FCB2298E7EA000F7DA6 /* View Controllers */ = {
			isa = PBXGroup;
			children = (
				112D3FBB2298E7D6000F7DA6 /* CloudHomeViewController.swift */,
				8CE7FD5024D12590007EE812 /* MainTabBarController.swift */,
				11B2658C237CB94500006F61 /* IdentifyViewController.swift */,
				8CD2392124E87A1200092E0A /* IdentifyDetailViewController.swift */,
				11B2658E237CB97600006F61 /* CloudDetailViewController.swift */,
				11AFA66123FF712B00159423 /* CloudPhotoViewController.swift */,
				8C1AA8982503F7C80051A776 /* IdentifyCreateViewController.swift */,
			);
			path = "View Controllers";
			sourceTree = "<group>";
		};
		112D3FCC2298E7F1000F7DA6 /* Views */ = {
			isa = PBXGroup;
			children = (
				111B0FBB231F6297001710F1 /* CloudHomeTableViewCell.swift */,
				11AFA66523FF7A5500159423 /* CloudPhotoCollectionViewCell.swift */,
				1193748C240F2CFC0060A3C6 /* IdentifyCollectionViewCell.swift */,
				8C74C2BA2475F85400A87789 /* CompareCollectionViewCell.swift */,
			);
			path = Views;
			sourceTree = "<group>";
		};
		112D3FCD2298E817000F7DA6 /* Helpers */ = {
			isa = PBXGroup;
			children = (
				112D3FD5229DE02A000F7DA6 /* Fonts.swift */,
				112280C52360E3AF001ED0AD /* DropShadow.swift */,
				112280C72360F356001ED0AD /* Border.swift */,
				8C6F39182423202500A6F302 /* Identify+Image.swift */,
				8C28CADD2437E4E600633679 /* CloudImageDelegate.swift */,
				8CBDA6D9249C15C100150386 /* CloudsEnum.swift */,
				8C737ABB24DB6A1F00F32E9B /* Protocols.swift */,
			);
			name = Helpers;
			sourceTree = "<group>";
		};
		112D3FCE2298E821000F7DA6 /* Model Controllers */ = {
			isa = PBXGroup;
			children = (
				112280BF235FB2AD001ED0AD /* CloudDataController.swift */,
				116F6D2623A048140094651F /* CloudImageController.swift */,
				115EC65D23CD6957005FC18B /* WeatherController.swift */,
			);
			name = "Model Controllers";
			sourceTree = "<group>";
		};
		112D3FCF2298E82C000F7DA6 /* Model */ = {
			isa = PBXGroup;
			children = (
				11AFA65D23FF6C3900159423 /* CoreData */,
				112D3FD02298E849000F7DA6 /* CloudObject.swift */,
				8CBDA6D72488605500150386 /* PhotoObject.swift */,
				112D3FD2229DA597000F7DA6 /* User.swift */,
				112280C3235FB96F001ED0AD /* WeatherObject.swift */,
				1193748A240F10B40060A3C6 /* Cloud+Convenience.swift */,
				8C737ABD24E054B800F32E9B /* Photo+Convenience.swift */,
			);
			path = Model;
			sourceTree = "<group>";
		};
		112D3FD4229DA5D6000F7DA6 /* Storyboards */ = {
			isa = PBXGroup;
			children = (
				112D3FBD2298E7D6000F7DA6 /* Main.storyboard */,
			);
			path = Storyboards;
			sourceTree = "<group>";
		};
		11AFA65D23FF6C3900159423 /* CoreData */ = {
			isa = PBXGroup;
			children = (
				11AFA65B23FF6A2000159423 /* CoreDataStack.swift */,
				11AFA65E23FF6CC300159423 /* Clouds.xcdatamodeld */,
			);
			path = CoreData;
			sourceTree = "<group>";
		};
		8CE7FD4224CA7D9F007EE812 /* Fonts */ = {
			isa = PBXGroup;
			children = (
				8CE7FD4924CA7E75007EE812 /* Roboto-Italic.ttf */,
				8CE7FD4824CA7E75007EE812 /* Roboto-Light.ttf */,
				8CE7FD4624CA7E75007EE812 /* Roboto-LightItalic.ttf */,
				8CE7FD4424CA7E75007EE812 /* Roboto-Medium.ttf */,
				8CE7FD4724CA7E75007EE812 /* Roboto-MediumItalic.ttf */,
				8CE7FD4524CA7E75007EE812 /* Roboto-Regular.ttf */,
				8CE7FD4324CA7E5F007EE812 /* Roboto-Bold.ttf */,
			);
			path = Fonts;
			sourceTree = "<group>";
		};
/* End PBXGroup section */

/* Begin PBXNativeTarget section */
		112D3FB52298E7D6000F7DA6 /* Clouds */ = {
			isa = PBXNativeTarget;
			buildConfigurationList = 112D3FC82298E7D8000F7DA6 /* Build configuration list for PBXNativeTarget "Clouds" */;
			buildPhases = (
				112D3FB22298E7D6000F7DA6 /* Sources */,
				112D3FB32298E7D6000F7DA6 /* Frameworks */,
				112D3FB42298E7D6000F7DA6 /* Resources */,
			);
			buildRules = (
			);
			dependencies = (
			);
			name = Clouds;
			productName = Clouds;
			productReference = 112D3FB62298E7D6000F7DA6 /* Clouds.app */;
			productType = "com.apple.product-type.application";
		};
/* End PBXNativeTarget section */

/* Begin PBXProject section */
		112D3FAE2298E7D6000F7DA6 /* Project object */ = {
			isa = PBXProject;
			attributes = {
				LastSwiftUpdateCheck = 1020;
				LastUpgradeCheck = 1020;
				ORGANIZATIONNAME = EmPact;
				TargetAttributes = {
					112D3FB52298E7D6000F7DA6 = {
						CreatedOnToolsVersion = 10.2.1;
					};
				};
			};
			buildConfigurationList = 112D3FB12298E7D6000F7DA6 /* Build configuration list for PBXProject "Clouds" */;
			compatibilityVersion = "Xcode 9.3";
			developmentRegion = en;
			hasScannedForEncodings = 0;
			knownRegions = (
				en,
				Base,
			);
			mainGroup = 112D3FAD2298E7D6000F7DA6;
			productRefGroup = 112D3FB72298E7D6000F7DA6 /* Products */;
			projectDirPath = "";
			projectRoot = "";
			targets = (
				112D3FB52298E7D6000F7DA6 /* Clouds */,
			);
		};
/* End PBXProject section */

/* Begin PBXResourcesBuildPhase section */
		112D3FB42298E7D6000F7DA6 /* Resources */ = {
			isa = PBXResourcesBuildPhase;
			buildActionMask = 2147483647;
			files = (
				112D3FC42298E7D8000F7DA6 /* LaunchScreen.storyboard in Resources */,
				8CE7FD4F24CA7E75007EE812 /* Roboto-Italic.ttf in Resources */,
				112280CA236271B5001ED0AD /* Cumulonimbus.json in Resources */,
				8CE7FD4B24CA7E75007EE812 /* Roboto-Regular.ttf in Resources */,
				8CE7FD4E24CA7E75007EE812 /* Roboto-Light.ttf in Resources */,
				112280C2235FB709001ED0AD /* Cumulus.json in Resources */,
				8CE7FD4A24CA7E75007EE812 /* Roboto-Medium.ttf in Resources */,
				8CE7FD4C24CA7E75007EE812 /* Roboto-LightItalic.ttf in Resources */,
				8CE7FD4D24CA7E75007EE812 /* Roboto-MediumItalic.ttf in Resources */,
				112D3FC12298E7D8000F7DA6 /* Assets.xcassets in Resources */,
				11B26597237E62DE00006F61 /* CloudData.json in Resources */,
				112D3FBF2298E7D6000F7DA6 /* Main.storyboard in Resources */,
			);
			runOnlyForDeploymentPostprocessing = 0;
		};
/* End PBXResourcesBuildPhase section */

/* Begin PBXSourcesBuildPhase section */
		112D3FB22298E7D6000F7DA6 /* Sources */ = {
			isa = PBXSourcesBuildPhase;
			buildActionMask = 2147483647;
			files = (
				8C1AA8992503F7C80051A776 /* IdentifyCreateViewController.swift in Sources */,
				11AFA65C23FF6A2100159423 /* CoreDataStack.swift in Sources */,
				112280C62360E3AF001ED0AD /* DropShadow.swift in Sources */,
				112280C82360F356001ED0AD /* Border.swift in Sources */,
				8CD2392224E87A1200092E0A /* IdentifyDetailViewController.swift in Sources */,
				116F6D2723A048140094651F /* CloudImageController.swift in Sources */,
				8CBDA6DA249C15C200150386 /* CloudsEnum.swift in Sources */,
				8C28CADE2437E4E600633679 /* CloudImageDelegate.swift in Sources */,
				8CBDA6D82488605500150386 /* PhotoObject.swift in Sources */,
				11AFA66623FF7A5500159423 /* CloudPhotoCollectionViewCell.swift in Sources */,
				111B0FBC231F6297001710F1 /* CloudHomeTableViewCell.swift in Sources */,
				11AFA66023FF6CC300159423 /* Clouds.xcdatamodeld in Sources */,
				11B2658F237CB97600006F61 /* CloudDetailViewController.swift in Sources */,
				112280C0235FB2AD001ED0AD /* CloudDataController.swift in Sources */,
				8C737ABE24E054B800F32E9B /* Photo+Convenience.swift in Sources */,
				8C737ABC24DB6A1F00F32E9B /* Protocols.swift in Sources */,
				112D3FD3229DA597000F7DA6 /* User.swift in Sources */,
				112D3FD6229DE02A000F7DA6 /* Fonts.swift in Sources */,
				112280C4235FB96F001ED0AD /* WeatherObject.swift in Sources */,
				8C74C2BB2475F85400A87789 /* CompareCollectionViewCell.swift in Sources */,
				1193748D240F2CFC0060A3C6 /* IdentifyCollectionViewCell.swift in Sources */,
				8C6F39192423202500A6F302 /* Identify+Image.swift in Sources */,
				1193748B240F10B40060A3C6 /* Cloud+Convenience.swift in Sources */,
				11AFA66223FF712B00159423 /* CloudPhotoViewController.swift in Sources */,
				8CE7FD5124D12590007EE812 /* MainTabBarController.swift in Sources */,
				112D3FBC2298E7D6000F7DA6 /* CloudHomeViewController.swift in Sources */,
				112D3FD12298E849000F7DA6 /* CloudObject.swift in Sources */,
				112D3FBA2298E7D6000F7DA6 /* AppDelegate.swift in Sources */,
				115EC65E23CD6957005FC18B /* WeatherController.swift in Sources */,
				11B2658D237CB94500006F61 /* IdentifyViewController.swift in Sources */,
			);
			runOnlyForDeploymentPostprocessing = 0;
		};
/* End PBXSourcesBuildPhase section */

/* Begin PBXVariantGroup section */
		112D3FBD2298E7D6000F7DA6 /* Main.storyboard */ = {
			isa = PBXVariantGroup;
			children = (
				112D3FBE2298E7D6000F7DA6 /* Base */,
			);
			name = Main.storyboard;
			sourceTree = "<group>";
		};
		112D3FC22298E7D8000F7DA6 /* LaunchScreen.storyboard */ = {
			isa = PBXVariantGroup;
			children = (
				112D3FC32298E7D8000F7DA6 /* Base */,
			);
			name = LaunchScreen.storyboard;
			sourceTree = "<group>";
		};
/* End PBXVariantGroup section */

/* Begin XCBuildConfiguration section */
		112D3FC62298E7D8000F7DA6 /* Debug */ = {
			isa = XCBuildConfiguration;
			buildSettings = {
				ALWAYS_SEARCH_USER_PATHS = NO;
				CLANG_ANALYZER_NONNULL = YES;
				CLANG_ANALYZER_NUMBER_OBJECT_CONVERSION = YES_AGGRESSIVE;
				CLANG_CXX_LANGUAGE_STANDARD = "gnu++14";
				CLANG_CXX_LIBRARY = "libc++";
				CLANG_ENABLE_MODULES = YES;
				CLANG_ENABLE_OBJC_ARC = YES;
				CLANG_ENABLE_OBJC_WEAK = YES;
				CLANG_WARN_BLOCK_CAPTURE_AUTORELEASING = YES;
				CLANG_WARN_BOOL_CONVERSION = YES;
				CLANG_WARN_COMMA = YES;
				CLANG_WARN_CONSTANT_CONVERSION = YES;
				CLANG_WARN_DEPRECATED_OBJC_IMPLEMENTATIONS = YES;
				CLANG_WARN_DIRECT_OBJC_ISA_USAGE = YES_ERROR;
				CLANG_WARN_DOCUMENTATION_COMMENTS = YES;
				CLANG_WARN_EMPTY_BODY = YES;
				CLANG_WARN_ENUM_CONVERSION = YES;
				CLANG_WARN_INFINITE_RECURSION = YES;
				CLANG_WARN_INT_CONVERSION = YES;
				CLANG_WARN_NON_LITERAL_NULL_CONVERSION = YES;
				CLANG_WARN_OBJC_IMPLICIT_RETAIN_SELF = YES;
				CLANG_WARN_OBJC_LITERAL_CONVERSION = YES;
				CLANG_WARN_OBJC_ROOT_CLASS = YES_ERROR;
				CLANG_WARN_RANGE_LOOP_ANALYSIS = YES;
				CLANG_WARN_STRICT_PROTOTYPES = YES;
				CLANG_WARN_SUSPICIOUS_MOVE = YES;
				CLANG_WARN_UNGUARDED_AVAILABILITY = YES_AGGRESSIVE;
				CLANG_WARN_UNREACHABLE_CODE = YES;
				CLANG_WARN__DUPLICATE_METHOD_MATCH = YES;
				CODE_SIGN_IDENTITY = "iPhone Developer";
				COPY_PHASE_STRIP = NO;
				DEBUG_INFORMATION_FORMAT = dwarf;
				ENABLE_STRICT_OBJC_MSGSEND = YES;
				ENABLE_TESTABILITY = YES;
				GCC_C_LANGUAGE_STANDARD = gnu11;
				GCC_DYNAMIC_NO_PIC = NO;
				GCC_NO_COMMON_BLOCKS = YES;
				GCC_OPTIMIZATION_LEVEL = 0;
				GCC_PREPROCESSOR_DEFINITIONS = (
					"DEBUG=1",
					"$(inherited)",
				);
				GCC_WARN_64_TO_32_BIT_CONVERSION = YES;
				GCC_WARN_ABOUT_RETURN_TYPE = YES_ERROR;
				GCC_WARN_UNDECLARED_SELECTOR = YES;
				GCC_WARN_UNINITIALIZED_AUTOS = YES_AGGRESSIVE;
				GCC_WARN_UNUSED_FUNCTION = YES;
				GCC_WARN_UNUSED_VARIABLE = YES;
				IPHONEOS_DEPLOYMENT_TARGET = 12.2;
				MTL_ENABLE_DEBUG_INFO = INCLUDE_SOURCE;
				MTL_FAST_MATH = YES;
				ONLY_ACTIVE_ARCH = YES;
				SDKROOT = iphoneos;
				SWIFT_ACTIVE_COMPILATION_CONDITIONS = DEBUG;
				SWIFT_OPTIMIZATION_LEVEL = "-Onone";
			};
			name = Debug;
		};
		112D3FC72298E7D8000F7DA6 /* Release */ = {
			isa = XCBuildConfiguration;
			buildSettings = {
				ALWAYS_SEARCH_USER_PATHS = NO;
				CLANG_ANALYZER_NONNULL = YES;
				CLANG_ANALYZER_NUMBER_OBJECT_CONVERSION = YES_AGGRESSIVE;
				CLANG_CXX_LANGUAGE_STANDARD = "gnu++14";
				CLANG_CXX_LIBRARY = "libc++";
				CLANG_ENABLE_MODULES = YES;
				CLANG_ENABLE_OBJC_ARC = YES;
				CLANG_ENABLE_OBJC_WEAK = YES;
				CLANG_WARN_BLOCK_CAPTURE_AUTORELEASING = YES;
				CLANG_WARN_BOOL_CONVERSION = YES;
				CLANG_WARN_COMMA = YES;
				CLANG_WARN_CONSTANT_CONVERSION = YES;
				CLANG_WARN_DEPRECATED_OBJC_IMPLEMENTATIONS = YES;
				CLANG_WARN_DIRECT_OBJC_ISA_USAGE = YES_ERROR;
				CLANG_WARN_DOCUMENTATION_COMMENTS = YES;
				CLANG_WARN_EMPTY_BODY = YES;
				CLANG_WARN_ENUM_CONVERSION = YES;
				CLANG_WARN_INFINITE_RECURSION = YES;
				CLANG_WARN_INT_CONVERSION = YES;
				CLANG_WARN_NON_LITERAL_NULL_CONVERSION = YES;
				CLANG_WARN_OBJC_IMPLICIT_RETAIN_SELF = YES;
				CLANG_WARN_OBJC_LITERAL_CONVERSION = YES;
				CLANG_WARN_OBJC_ROOT_CLASS = YES_ERROR;
				CLANG_WARN_RANGE_LOOP_ANALYSIS = YES;
				CLANG_WARN_STRICT_PROTOTYPES = YES;
				CLANG_WARN_SUSPICIOUS_MOVE = YES;
				CLANG_WARN_UNGUARDED_AVAILABILITY = YES_AGGRESSIVE;
				CLANG_WARN_UNREACHABLE_CODE = YES;
				CLANG_WARN__DUPLICATE_METHOD_MATCH = YES;
				CODE_SIGN_IDENTITY = "iPhone Developer";
				COPY_PHASE_STRIP = NO;
				DEBUG_INFORMATION_FORMAT = "dwarf-with-dsym";
				ENABLE_NS_ASSERTIONS = NO;
				ENABLE_STRICT_OBJC_MSGSEND = YES;
				GCC_C_LANGUAGE_STANDARD = gnu11;
				GCC_NO_COMMON_BLOCKS = YES;
				GCC_WARN_64_TO_32_BIT_CONVERSION = YES;
				GCC_WARN_ABOUT_RETURN_TYPE = YES_ERROR;
				GCC_WARN_UNDECLARED_SELECTOR = YES;
				GCC_WARN_UNINITIALIZED_AUTOS = YES_AGGRESSIVE;
				GCC_WARN_UNUSED_FUNCTION = YES;
				GCC_WARN_UNUSED_VARIABLE = YES;
				IPHONEOS_DEPLOYMENT_TARGET = 12.2;
				MTL_ENABLE_DEBUG_INFO = NO;
				MTL_FAST_MATH = YES;
				SDKROOT = iphoneos;
				SWIFT_COMPILATION_MODE = wholemodule;
				SWIFT_OPTIMIZATION_LEVEL = "-O";
				VALIDATE_PRODUCT = YES;
			};
			name = Release;
		};
		112D3FC92298E7D8000F7DA6 /* Debug */ = {
			isa = XCBuildConfiguration;
			buildSettings = {
				ASSETCATALOG_COMPILER_APPICON_NAME = AppIcon;
				CODE_SIGN_STYLE = Automatic;
				DEVELOPMENT_TEAM = VXUQXR6S56;
				INFOPLIST_FILE = "$(SRCROOT)/Clouds/Resources/Info.plist";
				LD_RUNPATH_SEARCH_PATHS = (
					"$(inherited)",
					"@executable_path/Frameworks",
				);
				PRODUCT_BUNDLE_IDENTIFIER = com.lambda.Clouds;
				PRODUCT_NAME = "$(TARGET_NAME)";
				SWIFT_VERSION = 5.0;
				TARGETED_DEVICE_FAMILY = "1,2";
			};
			name = Debug;
		};
		112D3FCA2298E7D8000F7DA6 /* Release */ = {
			isa = XCBuildConfiguration;
			buildSettings = {
				ASSETCATALOG_COMPILER_APPICON_NAME = AppIcon;
				CODE_SIGN_STYLE = Automatic;
				DEVELOPMENT_TEAM = VXUQXR6S56;
				INFOPLIST_FILE = "$(SRCROOT)/Clouds/Resources/Info.plist";
				LD_RUNPATH_SEARCH_PATHS = (
					"$(inherited)",
					"@executable_path/Frameworks",
				);
				PRODUCT_BUNDLE_IDENTIFIER = com.lambda.Clouds;
				PRODUCT_NAME = "$(TARGET_NAME)";
				SWIFT_VERSION = 5.0;
				TARGETED_DEVICE_FAMILY = "1,2";
			};
			name = Release;
		};
/* End XCBuildConfiguration section */

/* Begin XCConfigurationList section */
		112D3FB12298E7D6000F7DA6 /* Build configuration list for PBXProject "Clouds" */ = {
			isa = XCConfigurationList;
			buildConfigurations = (
				112D3FC62298E7D8000F7DA6 /* Debug */,
				112D3FC72298E7D8000F7DA6 /* Release */,
			);
			defaultConfigurationIsVisible = 0;
			defaultConfigurationName = Release;
		};
		112D3FC82298E7D8000F7DA6 /* Build configuration list for PBXNativeTarget "Clouds" */ = {
			isa = XCConfigurationList;
			buildConfigurations = (
				112D3FC92298E7D8000F7DA6 /* Debug */,
				112D3FCA2298E7D8000F7DA6 /* Release */,
			);
			defaultConfigurationIsVisible = 0;
			defaultConfigurationName = Release;
		};
/* End XCConfigurationList section */

/* Begin XCVersionGroup section */
		11AFA65E23FF6CC300159423 /* Clouds.xcdatamodeld */ = {
			isa = XCVersionGroup;
			children = (
				11AFA65F23FF6CC300159423 /* Clouds.xcdatamodel */,
			);
			currentVersion = 11AFA65F23FF6CC300159423 /* Clouds.xcdatamodel */;
			path = Clouds.xcdatamodeld;
			sourceTree = "<group>";
			versionGroupType = wrapper.xcdatamodel;
		};
/* End XCVersionGroup section */
	};
	rootObject = 112D3FAE2298E7D6000F7DA6 /* Project object */;
}
